
Microsoft Visual Studio Solution File, Format Version 12.00
# Visual Studio Version 16
VisualStudioVersion = 16.0.29709.97
MinimumVisualStudioVersion = 10.0.40219.1
Project("{FAE04EC0-301F-11D3-BF4B-00C04F79EFBC}") = "VideoApi", "VideoApi\VideoApi.csproj", "{93E29EBB-9391-497C-ABED-F7E1AE55E91A}"
EndProject
Global
	GlobalSection(SolutionConfigurationPlatforms) = preSolution
		Debug|Any CPU = Debug|Any CPU
		Release|Any CPU = Release|Any CPU
	EndGlobalSection
	GlobalSection(ProjectConfigurationPlatforms) = postSolution
		{93E29EBB-9391-497C-ABED-F7E1AE55E91A}.Debug|Any CPU.ActiveCfg = Debug|Any CPU
		{93E29EBB-9391-497C-ABED-F7E1AE55E91A}.Debug|Any CPU.Build.0 = Debug|Any CPU
		{93E29EBB-9391-497C-ABED-F7E1AE55E91A}.Release|Any CPU.ActiveCfg = Release|Any CPU
		{93E29EBB-9391-497C-ABED-F7E1AE55E91A}.Release|Any CPU.Build.0 = Release|Any CPU
	EndGlobalSection
	GlobalSection(SolutionProperties) = preSolution
		HideSolutionNode = FALSE
	EndGlobalSection
	GlobalSection(ExtensibilityGlobals) = postSolution
		SolutionGuid = {09677059-1D95-4D84-A96C-DE102AAEBF83}
	EndGlobalSection
EndGlobal
